
Microsoft Visual Studio Solution File, Format Version 12.00
# Visual Studio Version 16
VisualStudioVersion = 16.0.29709.97
MinimumVisualStudioVersion = 10.0.40219.1
Project("{FAE04EC0-301F-11D3-BF4B-00C04F79EFBC}") = "WebApi", "WebApi.csproj", "{71D9B25C-4DB5-4B44-A1C5-F815E09336EC}"
EndProject
Project("{FAE04EC0-301F-11D3-BF4B-00C04F79EFBC}") = "WebApi.Tests", "..\WebApi.Tests\WebApi.Tests.csproj", "{2CD5844F-9EF8-4262-BFA2-4F2B0D95F874}"
EndProject
Global
	GlobalSection(SolutionConfigurationPlatforms) = preSolution
		Debug|Any CPU = Debug|Any CPU
		Release|Any CPU = Release|Any CPU
	EndGlobalSection
	GlobalSection(ProjectConfigurationPlatforms) = postSolution
		{71D9B25C-4DB5-4B44-A1C5-F815E09336EC}.Debug|Any CPU.ActiveCfg = Debug|Any CPU
		{71D9B25C-4DB5-4B44-A1C5-F815E09336EC}.Debug|Any CPU.Build.0 = Debug|Any CPU
		{71D9B25C-4DB5-4B44-A1C5-F815E09336EC}.Release|Any CPU.ActiveCfg = Release|Any CPU
		{71D9B25C-4DB5-4B44-A1C5-F815E09336EC}.Release|Any CPU.Build.0 = Release|Any CPU
		{2CD5844F-9EF8-4262-BFA2-4F2B0D95F874}.Debug|Any CPU.ActiveCfg = Debug|Any CPU
		{2CD5844F-9EF8-4262-BFA2-4F2B0D95F874}.Debug|Any CPU.Build.0 = Debug|Any CPU
		{2CD5844F-9EF8-4262-BFA2-4F2B0D95F874}.Release|Any CPU.ActiveCfg = Release|Any CPU
		{2CD5844F-9EF8-4262-BFA2-4F2B0D95F874}.Release|Any CPU.Build.0 = Release|Any CPU
	EndGlobalSection
	GlobalSection(SolutionProperties) = preSolution
		HideSolutionNode = FALSE
	EndGlobalSection
	GlobalSection(ExtensibilityGlobals) = postSolution
		SolutionGuid = {F38054D0-65BC-4A15-BBD4-5E509B0973B3}
	EndGlobalSection
EndGlobal
